
Microsoft Visual Studio Solution File, Format Version 12.00
# Visual Studio Version 17
VisualStudioVersion = 17.8.34322.80
MinimumVisualStudioVersion = 10.0.40219.1
Project("{FAE04EC0-301F-11D3-BF4B-00C04F79EFBC}") = "LoginForm2", "LoginForm2\LoginForm2.csproj", "{0089CA93-E4D1-4EC0-8599-1BCB49CA7B9B}"
EndProject
Global
	GlobalSection(SolutionConfigurationPlatforms) = preSolution
		Debug|Any CPU = Debug|Any CPU
		Release|Any CPU = Release|Any CPU
	EndGlobalSection
	GlobalSection(ProjectConfigurationPlatforms) = postSolution
		{0089CA93-E4D1-4EC0-8599-1BCB49CA7B9B}.Debug|Any CPU.ActiveCfg = Debug|Any CPU
		{0089CA93-E4D1-4EC0-8599-1BCB49CA7B9B}.Debug|Any CPU.Build.0 = Debug|Any CPU
		{0089CA93-E4D1-4EC0-8599-1BCB49CA7B9B}.Release|Any CPU.ActiveCfg = Release|Any CPU
		{0089CA93-E4D1-4EC0-8599-1BCB49CA7B9B}.Release|Any CPU.Build.0 = Release|Any CPU
	EndGlobalSection
	GlobalSection(SolutionProperties) = preSolution
		HideSolutionNode = FALSE
	EndGlobalSection
	GlobalSection(ExtensibilityGlobals) = postSolution
		SolutionGuid = {1C24387B-0AEE-43D1-BD73-EABE7105112E}
	EndGlobalSection
EndGlobal
